// !$*UTF8*$!
{
	archiveVersion = 1;
	classes = {
	};
	objectVersion = 56;
	objects = {

/* Begin PBXBuildFile section */
		D6EC143B29898538005EE388 /* AbsenceRecorderApp.swift in Sources */ = {isa = PBXBuildFile; fileRef = D6EC143A29898538005EE388 /* AbsenceRecorderApp.swift */; };
		D6EC143D29898538005EE388 /* ContentView.swift in Sources */ = {isa = PBXBuildFile; fileRef = D6EC143C29898538005EE388 /* ContentView.swift */; };
		D6EC143F29898539005EE388 /* Assets.xcassets in Resources */ = {isa = PBXBuildFile; fileRef = D6EC143E29898539005EE388 /* Assets.xcassets */; };
		D6EC144229898539005EE388 /* Preview Assets.xcassets in Resources */ = {isa = PBXBuildFile; fileRef = D6EC144129898539005EE388 /* Preview Assets.xcassets */; };
		D6EC144C29898539005EE388 /* AbsenceRecorderTests.swift in Sources */ = {isa = PBXBuildFile; fileRef = D6EC144B29898539005EE388 /* AbsenceRecorderTests.swift */; };
		D6EC145629898539005EE388 /* AbsenceRecorderUITests.swift in Sources */ = {isa = PBXBuildFile; fileRef = D6EC145529898539005EE388 /* AbsenceRecorderUITests.swift */; };
		D6EC145829898539005EE388 /* AbsenceRecorderUITestsLaunchTests.swift in Sources */ = {isa = PBXBuildFile; fileRef = D6EC145729898539005EE388 /* AbsenceRecorderUITestsLaunchTests.swift */; };
		D6EC14672989860C005EE388 /* Student.swift in Sources */ = {isa = PBXBuildFile; fileRef = D6EC14662989860C005EE388 /* Student.swift */; };
		D6EC1469298986DC005EE388 /* Division.swift in Sources */ = {isa = PBXBuildFile; fileRef = D6EC1468298986DC005EE388 /* Division.swift */; };
		D6EC146D298AF11F005EE388 /* Date.swift in Sources */ = {isa = PBXBuildFile; fileRef = D6EC146C298AF11F005EE388 /* Date.swift */; };
		D6EC146F298BC5E2005EE388 /* DivisionItem.swift in Sources */ = {isa = PBXBuildFile; fileRef = D6EC146E298BC5E2005EE388 /* DivisionItem.swift */; };
/* End PBXBuildFile section */

/* Begin PBXContainerItemProxy section */
		D6EC144829898539005EE388 /* PBXContainerItemProxy */ = {
			isa = PBXContainerItemProxy;
			containerPortal = D6EC142F29898538005EE388 /* Project object */;
			proxyType = 1;
			remoteGlobalIDString = D6EC143629898538005EE388;
			remoteInfo = AbsenceRecorder;
		};
		D6EC145229898539005EE388 /* PBXContainerItemProxy */ = {
			isa = PBXContainerItemProxy;
			containerPortal = D6EC142F29898538005EE388 /* Project object */;
			proxyType = 1;
			remoteGlobalIDString = D6EC143629898538005EE388;
			remoteInfo = AbsenceRecorder;
		};
/* End PBXContainerItemProxy section */

/* Begin PBXFileReference section */
		D6EC143729898538005EE388 /* AbsenceRecorder.app */ = {isa = PBXFileReference; explicitFileType = wrapper.application; includeInIndex = 0; path = AbsenceRecorder.app; sourceTree = BUILT_PRODUCTS_DIR; };
		D6EC143A29898538005EE388 /* AbsenceRecorderApp.swift */ = {isa = PBXFileReference; lastKnownFileType = sourcecode.swift; path = AbsenceRecorderApp.swift; sourceTree = "<group>"; };
		D6EC143C29898538005EE388 /* ContentView.swift */ = {isa = PBXFileReference; lastKnownFileType = sourcecode.swift; path = ContentView.swift; sourceTree = "<group>"; };
		D6EC143E29898539005EE388 /* Assets.xcassets */ = {isa = PBXFileReference; lastKnownFileType = folder.assetcatalog; path = Assets.xcassets; sourceTree = "<group>"; };
		D6EC144129898539005EE388 /* Preview Assets.xcassets */ = {isa = PBXFileReference; lastKnownFileType = folder.assetcatalog; path = "Preview Assets.xcassets"; sourceTree = "<group>"; };
		D6EC144729898539005EE388 /* AbsenceRecorderTests.xctest */ = {isa = PBXFileReference; explicitFileType = wrapper.cfbundle; includeInIndex = 0; path = AbsenceRecorderTests.xctest; sourceTree = BUILT_PRODUCTS_DIR; };
		D6EC144B29898539005EE388 /* AbsenceRecorderTests.swift */ = {isa = PBXFileReference; lastKnownFileType = sourcecode.swift; path = AbsenceRecorderTests.swift; sourceTree = "<group>"; };
		D6EC145129898539005EE388 /* AbsenceRecorderUITests.xctest */ = {isa = PBXFileReference; explicitFileType = wrapper.cfbundle; includeInIndex = 0; path = AbsenceRecorderUITests.xctest; sourceTree = BUILT_PRODUCTS_DIR; };
		D6EC145529898539005EE388 /* AbsenceRecorderUITests.swift */ = {isa = PBXFileReference; lastKnownFileType = sourcecode.swift; path = AbsenceRecorderUITests.swift; sourceTree = "<group>"; };
		D6EC145729898539005EE388 /* AbsenceRecorderUITestsLaunchTests.swift */ = {isa = PBXFileReference; lastKnownFileType = sourcecode.swift; path = AbsenceRecorderUITestsLaunchTests.swift; sourceTree = "<group>"; };
		D6EC14662989860C005EE388 /* Student.swift */ = {isa = PBXFileReference; lastKnownFileType = sourcecode.swift; path = Student.swift; sourceTree = "<group>"; };
		D6EC1468298986DC005EE388 /* Division.swift */ = {isa = PBXFileReference; lastKnownFileType = sourcecode.swift; path = Division.swift; sourceTree = "<group>"; };
		D6EC146C298AF11F005EE388 /* Date.swift */ = {isa = PBXFileReference; lastKnownFileType = sourcecode.swift; path = Date.swift; sourceTree = "<group>"; };
		D6EC146E298BC5E2005EE388 /* DivisionItem.swift */ = {isa = PBXFileReference; lastKnownFileType = sourcecode.swift; path = DivisionItem.swift; sourceTree = "<group>"; };
/* End PBXFileReference section */

/* Begin PBXFrameworksBuildPhase section */
		D6EC143429898538005EE388 /* Frameworks */ = {
			isa = PBXFrameworksBuildPhase;
			buildActionMask = 2147483647;
			files = (
			);
			runOnlyForDeploymentPostprocessing = 0;
		};
		D6EC144429898539005EE388 /* Frameworks */ = {
			isa = PBXFrameworksBuildPhase;
			buildActionMask = 2147483647;
			files = (
			);
			runOnlyForDeploymentPostprocessing = 0;
		};
		D6EC144E29898539005EE388 /* Frameworks */ = {
			isa = PBXFrameworksBuildPhase;
			buildActionMask = 2147483647;
			files = (
			);
			runOnlyForDeploymentPostprocessing = 0;
		};
/* End PBXFrameworksBuildPhase section */

/* Begin PBXGroup section */
		D6EC142E29898538005EE388 = {
			isa = PBXGroup;
			children = (
				D6EC143929898538005EE388 /* AbsenceRecorder */,
				D6EC144A29898539005EE388 /* AbsenceRecorderTests */,
				D6EC145429898539005EE388 /* AbsenceRecorderUITests */,
				D6EC143829898538005EE388 /* Products */,
			);
			sourceTree = "<group>";
		};
		D6EC143829898538005EE388 /* Products */ = {
			isa = PBXGroup;
			children = (
				D6EC143729898538005EE388 /* AbsenceRecorder.app */,
				D6EC144729898539005EE388 /* AbsenceRecorderTests.xctest */,
				D6EC145129898539005EE388 /* AbsenceRecorderUITests.xctest */,
			);
			name = Products;
			sourceTree = "<group>";
		};
		D6EC143929898538005EE388 /* AbsenceRecorder */ = {
			isa = PBXGroup;
			children = (
				D6EC146B298AF10E005EE388 /* Extensions */,
				D6EC143A29898538005EE388 /* AbsenceRecorderApp.swift */,
				D6EC1465298985A4005EE388 /* View */,
				D6EC146429898599005EE388 /* Model */,
				D6EC143E29898539005EE388 /* Assets.xcassets */,
				D6EC144029898539005EE388 /* Preview Content */,
			);
			path = AbsenceRecorder;
			sourceTree = "<group>";
		};
		D6EC144029898539005EE388 /* Preview Content */ = {
			isa = PBXGroup;
			children = (
				D6EC144129898539005EE388 /* Preview Assets.xcassets */,
			);
			path = "Preview Content";
			sourceTree = "<group>";
		};
		D6EC144A29898539005EE388 /* AbsenceRecorderTests */ = {
			isa = PBXGroup;
			children = (
				D6EC144B29898539005EE388 /* AbsenceRecorderTests.swift */,
			);
			path = AbsenceRecorderTests;
			sourceTree = "<group>";
		};
		D6EC145429898539005EE388 /* AbsenceRecorderUITests */ = {
			isa = PBXGroup;
			children = (
				D6EC145529898539005EE388 /* AbsenceRecorderUITests.swift */,
				D6EC145729898539005EE388 /* AbsenceRecorderUITestsLaunchTests.swift */,
			);
			path = AbsenceRecorderUITests;
			sourceTree = "<group>";
		};
		D6EC146429898599005EE388 /* Model */ = {
			isa = PBXGroup;
			children = (
				D6EC14662989860C005EE388 /* Student.swift */,
				D6EC1468298986DC005EE388 /* Division.swift */,
			);
			path = Model;
			sourceTree = "<group>";
		};
		D6EC1465298985A4005EE388 /* View */ = {
			isa = PBXGroup;
			children = (
				D6EC143C29898538005EE388 /* ContentView.swift */,
				D6EC146E298BC5E2005EE388 /* DivisionItem.swift */,
			);
			path = View;
			sourceTree = "<group>";
		};
		D6EC146B298AF10E005EE388 /* Extensions */ = {
			isa = PBXGroup;
			children = (
				D6EC146C298AF11F005EE388 /* Date.swift */,
			);
			path = Extensions;
			sourceTree = "<group>";
		};
/* End PBXGroup section */

/* Begin PBXNativeTarget section */
		D6EC143629898538005EE388 /* AbsenceRecorder */ = {
			isa = PBXNativeTarget;
			buildConfigurationList = D6EC145B29898539005EE388 /* Build configuration list for PBXNativeTarget "AbsenceRecorder" */;
			buildPhases = (
				D6EC143329898538005EE388 /* Sources */,
				D6EC143429898538005EE388 /* Frameworks */,
				D6EC143529898538005EE388 /* Resources */,
			);
			buildRules = (
			);
			dependencies = (
			);
			name = AbsenceRecorder;
			productName = AbsenceRecorder;
			productReference = D6EC143729898538005EE388 /* AbsenceRecorder.app */;
			productType = "com.apple.product-type.application";
		};
		D6EC144629898539005EE388 /* AbsenceRecorderTests */ = {
			isa = PBXNativeTarget;
			buildConfigurationList = D6EC145E29898539005EE388 /* Build configuration list for PBXNativeTarget "AbsenceRecorderTests" */;
			buildPhases = (
				D6EC144329898539005EE388 /* Sources */,
				D6EC144429898539005EE388 /* Frameworks */,
				D6EC144529898539005EE388 /* Resources */,
			);
			buildRules = (
			);
			dependencies = (
				D6EC144929898539005EE388 /* PBXTargetDependency */,
			);
			name = AbsenceRecorderTests;
			productName = AbsenceRecorderTests;
			productReference = D6EC144729898539005EE388 /* AbsenceRecorderTests.xctest */;
			productType = "com.apple.product-type.bundle.unit-test";
		};
		D6EC145029898539005EE388 /* AbsenceRecorderUITests */ = {
			isa = PBXNativeTarget;
			buildConfigurationList = D6EC146129898539005EE388 /* Build configuration list for PBXNativeTarget "AbsenceRecorderUITests" */;
			buildPhases = (
				D6EC144D29898539005EE388 /* Sources */,
				D6EC144E29898539005EE388 /* Frameworks */,
				D6EC144F29898539005EE388 /* Resources */,
			);
			buildRules = (
			);
			dependencies = (
				D6EC145329898539005EE388 /* PBXTargetDependency */,
			);
			name = AbsenceRecorderUITests;
			productName = AbsenceRecorderUITests;
			productReference = D6EC145129898539005EE388 /* AbsenceRecorderUITests.xctest */;
			productType = "com.apple.product-type.bundle.ui-testing";
		};
/* End PBXNativeTarget section */

/* Begin PBXProject section */
		D6EC142F29898538005EE388 /* Project object */ = {
			isa = PBXProject;
			attributes = {
				BuildIndependentTargetsInParallel = 1;
				LastSwiftUpdateCheck = 1410;
				LastUpgradeCheck = 1410;
				TargetAttributes = {
					D6EC143629898538005EE388 = {
						CreatedOnToolsVersion = 14.1;
					};
					D6EC144629898539005EE388 = {
						CreatedOnToolsVersion = 14.1;
						TestTargetID = D6EC143629898538005EE388;
					};
					D6EC145029898539005EE388 = {
						CreatedOnToolsVersion = 14.1;
						TestTargetID = D6EC143629898538005EE388;
					};
				};
			};
			buildConfigurationList = D6EC143229898538005EE388 /* Build configuration list for PBXProject "AbsenceRecorder" */;
			compatibilityVersion = "Xcode 14.0";
			developmentRegion = en;
			hasScannedForEncodings = 0;
			knownRegions = (
				en,
				Base,
			);
			mainGroup = D6EC142E29898538005EE388;
			productRefGroup = D6EC143829898538005EE388 /* Products */;
			projectDirPath = "";
			projectRoot = "";
			targets = (
				D6EC143629898538005EE388 /* AbsenceRecorder */,
				D6EC144629898539005EE388 /* AbsenceRecorderTests */,
				D6EC145029898539005EE388 /* AbsenceRecorderUITests */,
			);
		};
/* End PBXProject section */

/* Begin PBXResourcesBuildPhase section */
		D6EC143529898538005EE388 /* Resources */ = {
			isa = PBXResourcesBuildPhase;
			buildActionMask = 2147483647;
			files = (
				D6EC144229898539005EE388 /* Preview Assets.xcassets in Resources */,
				D6EC143F29898539005EE388 /* Assets.xcassets in Resources */,
			);
			runOnlyForDeploymentPostprocessing = 0;
		};
		D6EC144529898539005EE388 /* Resources */ = {
			isa = PBXResourcesBuildPhase;
			buildActionMask = 2147483647;
			files = (
			);
			runOnlyForDeploymentPostprocessing = 0;
		};
		D6EC144F29898539005EE388 /* Resources */ = {
			isa = PBXResourcesBuildPhase;
			buildActionMask = 2147483647;
			files = (
			);
			runOnlyForDeploymentPostprocessing = 0;
		};
/* End PBXResourcesBuildPhase section */

/* Begin PBXSourcesBuildPhase section */
		D6EC143329898538005EE388 /* Sources */ = {
			isa = PBXSourcesBuildPhase;
			buildActionMask = 2147483647;
			files = (
				D6EC143D29898538005EE388 /* ContentView.swift in Sources */,
				D6EC146D298AF11F005EE388 /* Date.swift in Sources */,
				D6EC14672989860C005EE388 /* Student.swift in Sources */,
				D6EC1469298986DC005EE388 /* Division.swift in Sources */,
				D6EC143B29898538005EE388 /* AbsenceRecorderApp.swift in Sources */,
				D6EC146F298BC5E2005EE388 /* DivisionItem.swift in Sources */,
			);
			runOnlyForDeploymentPostprocessing = 0;
		};
		D6EC144329898539005EE388 /* Sources */ = {
			isa = PBXSourcesBuildPhase;
			buildActionMask = 2147483647;
			files = (
				D6EC144C29898539005EE388 /* AbsenceRecorderTests.swift in Sources */,
			);
			runOnlyForDeploymentPostprocessing = 0;
		};
		D6EC144D29898539005EE388 /* Sources */ = {
			isa = PBXSourcesBuildPhase;
			buildActionMask = 2147483647;
			files = (
				D6EC145829898539005EE388 /* AbsenceRecorderUITestsLaunchTests.swift in Sources */,
				D6EC145629898539005EE388 /* AbsenceRecorderUITests.swift in Sources */,
			);
			runOnlyForDeploymentPostprocessing = 0;
		};
/* End PBXSourcesBuildPhase section */

/* Begin PBXTargetDependency section */
		D6EC144929898539005EE388 /* PBXTargetDependency */ = {
			isa = PBXTargetDependency;
			target = D6EC143629898538005EE388 /* AbsenceRecorder */;
			targetProxy = D6EC144829898539005EE388 /* PBXContainerItemProxy */;
		};
		D6EC145329898539005EE388 /* PBXTargetDependency */ = {
			isa = PBXTargetDependency;
			target = D6EC143629898538005EE388 /* AbsenceRecorder */;
			targetProxy = D6EC145229898539005EE388 /* PBXContainerItemProxy */;
		};
/* End PBXTargetDependency section */

/* Begin XCBuildConfiguration section */
		D6EC145929898539005EE388 /* Debug */ = {
			isa = XCBuildConfiguration;
			buildSettings = {
				ALWAYS_SEARCH_USER_PATHS = NO;
				CLANG_ANALYZER_NONNULL = YES;
				CLANG_ANALYZER_NUMBER_OBJECT_CONVERSION = YES_AGGRESSIVE;
				CLANG_CXX_LANGUAGE_STANDARD = "gnu++20";
				CLANG_ENABLE_MODULES = YES;
				CLANG_ENABLE_OBJC_ARC = YES;
				CLANG_ENABLE_OBJC_WEAK = YES;
				CLANG_WARN_BLOCK_CAPTURE_AUTORELEASING = YES;
				CLANG_WARN_BOOL_CONVERSION = YES;
				CLANG_WARN_COMMA = YES;
				CLANG_WARN_CONSTANT_CONVERSION = YES;
				CLANG_WARN_DEPRECATED_OBJC_IMPLEMENTATIONS = YES;
				CLANG_WARN_DIRECT_OBJC_ISA_USAGE = YES_ERROR;
				CLANG_WARN_DOCUMENTATION_COMMENTS = YES;
				CLANG_WARN_EMPTY_BODY = YES;
				CLANG_WARN_ENUM_CONVERSION = YES;
				CLANG_WARN_INFINITE_RECURSION = YES;
				CLANG_WARN_INT_CONVERSION = YES;
				CLANG_WARN_NON_LITERAL_NULL_CONVERSION = YES;
				CLANG_WARN_OBJC_IMPLICIT_RETAIN_SELF = YES;
				CLANG_WARN_OBJC_LITERAL_CONVERSION = YES;
				CLANG_WARN_OBJC_ROOT_CLASS = YES_ERROR;
				CLANG_WARN_QUOTED_INCLUDE_IN_FRAMEWORK_HEADER = YES;
				CLANG_WARN_RANGE_LOOP_ANALYSIS = YES;
				CLANG_WARN_STRICT_PROTOTYPES = YES;
				CLANG_WARN_SUSPICIOUS_MOVE = YES;
				CLANG_WARN_UNGUARDED_AVAILABILITY = YES_AGGRESSIVE;
				CLANG_WARN_UNREACHABLE_CODE = YES;
				CLANG_WARN__DUPLICATE_METHOD_MATCH = YES;
				COPY_PHASE_STRIP = NO;
				DEBUG_INFORMATION_FORMAT = dwarf;
				ENABLE_STRICT_OBJC_MSGSEND = YES;
				ENABLE_TESTABILITY = YES;
				GCC_C_LANGUAGE_STANDARD = gnu11;
				GCC_DYNAMIC_NO_PIC = NO;
				GCC_NO_COMMON_BLOCKS = YES;
				GCC_OPTIMIZATION_LEVEL = 0;
				GCC_PREPROCESSOR_DEFINITIONS = (
					"DEBUG=1",
					"$(inherited)",
				);
				GCC_WARN_64_TO_32_BIT_CONVERSION = YES;
				GCC_WARN_ABOUT_RETURN_TYPE = YES_ERROR;
				GCC_WARN_UNDECLARED_SELECTOR = YES;
				GCC_WARN_UNINITIALIZED_AUTOS = YES_AGGRESSIVE;
				GCC_WARN_UNUSED_FUNCTION = YES;
				GCC_WARN_UNUSED_VARIABLE = YES;
				IPHONEOS_DEPLOYMENT_TARGET = 16.1;
				MTL_ENABLE_DEBUG_INFO = INCLUDE_SOURCE;
				MTL_FAST_MATH = YES;
				ONLY_ACTIVE_ARCH = YES;
				SDKROOT = iphoneos;
				SWIFT_ACTIVE_COMPILATION_CONDITIONS = DEBUG;
				SWIFT_OPTIMIZATION_LEVEL = "-Onone";
			};
			name = Debug;
		};
		D6EC145A29898539005EE388 /* Release */ = {
			isa = XCBuildConfiguration;
			buildSettings = {
				ALWAYS_SEARCH_USER_PATHS = NO;
				CLANG_ANALYZER_NONNULL = YES;
				CLANG_ANALYZER_NUMBER_OBJECT_CONVERSION = YES_AGGRESSIVE;
				CLANG_CXX_LANGUAGE_STANDARD = "gnu++20";
				CLANG_ENABLE_MODULES = YES;
				CLANG_ENABLE_OBJC_ARC = YES;
				CLANG_ENABLE_OBJC_WEAK = YES;
				CLANG_WARN_BLOCK_CAPTURE_AUTORELEASING = YES;
				CLANG_WARN_BOOL_CONVERSION = YES;
				CLANG_WARN_COMMA = YES;
				CLANG_WARN_CONSTANT_CONVERSION = YES;
				CLANG_WARN_DEPRECATED_OBJC_IMPLEMENTATIONS = YES;
				CLANG_WARN_DIRECT_OBJC_ISA_USAGE = YES_ERROR;
				CLANG_WARN_DOCUMENTATION_COMMENTS = YES;
				CLANG_WARN_EMPTY_BODY = YES;
				CLANG_WARN_ENUM_CONVERSION = YES;
				CLANG_WARN_INFINITE_RECURSION = YES;
				CLANG_WARN_INT_CONVERSION = YES;
				CLANG_WARN_NON_LITERAL_NULL_CONVERSION = YES;
				CLANG_WARN_OBJC_IMPLICIT_RETAIN_SELF = YES;
				CLANG_WARN_OBJC_LITERAL_CONVERSION = YES;
				CLANG_WARN_OBJC_ROOT_CLASS = YES_ERROR;
				CLANG_WARN_QUOTED_INCLUDE_IN_FRAMEWORK_HEADER = YES;
				CLANG_WARN_RANGE_LOOP_ANALYSIS = YES;
				CLANG_WARN_STRICT_PROTOTYPES = YES;
				CLANG_WARN_SUSPICIOUS_MOVE = YES;
				CLANG_WARN_UNGUARDED_AVAILABILITY = YES_AGGRESSIVE;
				CLANG_WARN_UNREACHABLE_CODE = YES;
				CLANG_WARN__DUPLICATE_METHOD_MATCH = YES;
				COPY_PHASE_STRIP = NO;
				DEBUG_INFORMATION_FORMAT = "dwarf-with-dsym";
				ENABLE_NS_ASSERTIONS = NO;
				ENABLE_STRICT_OBJC_MSGSEND = YES;
				GCC_C_LANGUAGE_STANDARD = gnu11;
				GCC_NO_COMMON_BLOCKS = YES;
				GCC_WARN_64_TO_32_BIT_CONVERSION = YES;
				GCC_WARN_ABOUT_RETURN_TYPE = YES_ERROR;
				GCC_WARN_UNDECLARED_SELECTOR = YES;
				GCC_WARN_UNINITIALIZED_AUTOS = YES_AGGRESSIVE;
				GCC_WARN_UNUSED_FUNCTION = YES;
				GCC_WARN_UNUSED_VARIABLE = YES;
				IPHONEOS_DEPLOYMENT_TARGET = 16.1;
				MTL_ENABLE_DEBUG_INFO = NO;
				MTL_FAST_MATH = YES;
				SDKROOT = iphoneos;
				SWIFT_COMPILATION_MODE = wholemodule;
				SWIFT_OPTIMIZATION_LEVEL = "-O";
				VALIDATE_PRODUCT = YES;
			};
			name = Release;
		};
		D6EC145C29898539005EE388 /* Debug */ = {
			isa = XCBuildConfiguration;
			buildSettings = {
				ASSETCATALOG_COMPILER_APPICON_NAME = AppIcon;
				ASSETCATALOG_COMPILER_GLOBAL_ACCENT_COLOR_NAME = AccentColor;
				CODE_SIGN_STYLE = Automatic;
				CURRENT_PROJECT_VERSION = 1;
				DEVELOPMENT_ASSET_PATHS = "\"AbsenceRecorder/Preview Content\"";
				ENABLE_PREVIEWS = YES;
				GENERATE_INFOPLIST_FILE = YES;
				INFOPLIST_KEY_UIApplicationSceneManifest_Generation = YES;
				INFOPLIST_KEY_UIApplicationSupportsIndirectInputEvents = YES;
				INFOPLIST_KEY_UILaunchScreen_Generation = YES;
				INFOPLIST_KEY_UISupportedInterfaceOrientations_iPad = "UIInterfaceOrientationPortrait UIInterfaceOrientationPortraitUpsideDown UIInterfaceOrientationLandscapeLeft UIInterfaceOrientationLandscapeRight";
				INFOPLIST_KEY_UISupportedInterfaceOrientations_iPhone = "UIInterfaceOrientationPortrait UIInterfaceOrientationLandscapeLeft UIInterfaceOrientationLandscapeRight";
				LD_RUNPATH_SEARCH_PATHS = (
					"$(inherited)",
					"@executable_path/Frameworks",
				);
				MARKETING_VERSION = 1.0;
				PRODUCT_BUNDLE_IDENTIFIER = morris.t.AbsenceRecorder;
				PRODUCT_NAME = "$(TARGET_NAME)";
				SWIFT_EMIT_LOC_STRINGS = YES;
				SWIFT_VERSION = 5.0;
				TARGETED_DEVICE_FAMILY = "1,2";
			};
			name = Debug;
		};
		D6EC145D29898539005EE388 /* Release */ = {
			isa = XCBuildConfiguration;
			buildSettings = {
				ASSETCATALOG_COMPILER_APPICON_NAME = AppIcon;
				ASSETCATALOG_COMPILER_GLOBAL_ACCENT_COLOR_NAME = AccentColor;
				CODE_SIGN_STYLE = Automatic;
				CURRENT_PROJECT_VERSION = 1;
				DEVELOPMENT_ASSET_PATHS = "\"AbsenceRecorder/Preview Content\"";
				ENABLE_PREVIEWS = YES;
				GENERATE_INFOPLIST_FILE = YES;
				INFOPLIST_KEY_UIApplicationSceneManifest_Generation = YES;
				INFOPLIST_KEY_UIApplicationSupportsIndirectInputEvents = YES;
				INFOPLIST_KEY_UILaunchScreen_Generation = YES;
				INFOPLIST_KEY_UISupportedInterfaceOrientations_iPad = "UIInterfaceOrientationPortrait UIInterfaceOrientationPortraitUpsideDown UIInterfaceOrientationLandscapeLeft UIInterfaceOrientationLandscapeRight";
				INFOPLIST_KEY_UISupportedInterfaceOrientations_iPhone = "UIInterfaceOrientationPortrait UIInterfaceOrientationLandscapeLeft UIInterfaceOrientationLandscapeRight";
				LD_RUNPATH_SEARCH_PATHS = (
					"$(inherited)",
					"@executable_path/Frameworks",
				);
				MARKETING_VERSION = 1.0;
				PRODUCT_BUNDLE_IDENTIFIER = morris.t.AbsenceRecorder;
				PRODUCT_NAME = "$(TARGET_NAME)";
				SWIFT_EMIT_LOC_STRINGS = YES;
				SWIFT_VERSION = 5.0;
				TARGETED_DEVICE_FAMILY = "1,2";
			};
			name = Release;
		};
		D6EC145F29898539005EE388 /* Debug */ = {
			isa = XCBuildConfiguration;
			buildSettings = {
				ALWAYS_EMBED_SWIFT_STANDARD_LIBRARIES = YES;
				BUNDLE_LOADER = "$(TEST_HOST)";
				CODE_SIGN_STYLE = Automatic;
				CURRENT_PROJECT_VERSION = 1;
				GENERATE_INFOPLIST_FILE = YES;
				IPHONEOS_DEPLOYMENT_TARGET = 16.1;
				MARKETING_VERSION = 1.0;
				PRODUCT_BUNDLE_IDENTIFIER = morris.t.AbsenceRecorderTests;
				PRODUCT_NAME = "$(TARGET_NAME)";
				SWIFT_EMIT_LOC_STRINGS = NO;
				SWIFT_VERSION = 5.0;
				TARGETED_DEVICE_FAMILY = "1,2";
				TEST_HOST = "$(BUILT_PRODUCTS_DIR)/AbsenceRecorder.app/$(BUNDLE_EXECUTABLE_FOLDER_PATH)/AbsenceRecorder";
			};
			name = Debug;
		};
		D6EC146029898539005EE388 /* Release */ = {
			isa = XCBuildConfiguration;
			buildSettings = {
				ALWAYS_EMBED_SWIFT_STANDARD_LIBRARIES = YES;
				BUNDLE_LOADER = "$(TEST_HOST)";
				CODE_SIGN_STYLE = Automatic;
				CURRENT_PROJECT_VERSION = 1;
				GENERATE_INFOPLIST_FILE = YES;
				IPHONEOS_DEPLOYMENT_TARGET = 16.1;
				MARKETING_VERSION = 1.0;
				PRODUCT_BUNDLE_IDENTIFIER = morris.t.AbsenceRecorderTests;
				PRODUCT_NAME = "$(TARGET_NAME)";
				SWIFT_EMIT_LOC_STRINGS = NO;
				SWIFT_VERSION = 5.0;
				TARGETED_DEVICE_FAMILY = "1,2";
				TEST_HOST = "$(BUILT_PRODUCTS_DIR)/AbsenceRecorder.app/$(BUNDLE_EXECUTABLE_FOLDER_PATH)/AbsenceRecorder";
			};
			name = Release;
		};
		D6EC146229898539005EE388 /* Debug */ = {
			isa = XCBuildConfiguration;
			buildSettings = {
				ALWAYS_EMBED_SWIFT_STANDARD_LIBRARIES = YES;
				CODE_SIGN_STYLE = Automatic;
				CURRENT_PROJECT_VERSION = 1;
				GENERATE_INFOPLIST_FILE = YES;
				MARKETING_VERSION = 1.0;
				PRODUCT_BUNDLE_IDENTIFIER = morris.t.AbsenceRecorderUITests;
				PRODUCT_NAME = "$(TARGET_NAME)";
				SWIFT_EMIT_LOC_STRINGS = NO;
				SWIFT_VERSION = 5.0;
				TARGETED_DEVICE_FAMILY = "1,2";
				TEST_TARGET_NAME = AbsenceRecorder;
			};
			name = Debug;
		};
		D6EC146329898539005EE388 /* Release */ = {
			isa = XCBuildConfiguration;
			buildSettings = {
				ALWAYS_EMBED_SWIFT_STANDARD_LIBRARIES = YES;
				CODE_SIGN_STYLE = Automatic;
				CURRENT_PROJECT_VERSION = 1;
				GENERATE_INFOPLIST_FILE = YES;
				MARKETING_VERSION = 1.0;
				PRODUCT_BUNDLE_IDENTIFIER = morris.t.AbsenceRecorderUITests;
				PRODUCT_NAME = "$(TARGET_NAME)";
				SWIFT_EMIT_LOC_STRINGS = NO;
				SWIFT_VERSION = 5.0;
				TARGETED_DEVICE_FAMILY = "1,2";
				TEST_TARGET_NAME = AbsenceRecorder;
			};
			name = Release;
		};
/* End XCBuildConfiguration section */

/* Begin XCConfigurationList section */
		D6EC143229898538005EE388 /* Build configuration list for PBXProject "AbsenceRecorder" */ = {
			isa = XCConfigurationList;
			buildConfigurations = (
				D6EC145929898539005EE388 /* Debug */,
				D6EC145A29898539005EE388 /* Release */,
			);
			defaultConfigurationIsVisible = 0;
			defaultConfigurationName = Release;
		};
		D6EC145B29898539005EE388 /* Build configuration list for PBXNativeTarget "AbsenceRecorder" */ = {
			isa = XCConfigurationList;
			buildConfigurations = (
				D6EC145C29898539005EE388 /* Debug */,
				D6EC145D29898539005EE388 /* Release */,
			);
			defaultConfigurationIsVisible = 0;
			defaultConfigurationName = Release;
		};
		D6EC145E29898539005EE388 /* Build configuration list for PBXNativeTarget "AbsenceRecorderTests" */ = {
			isa = XCConfigurationList;
			buildConfigurations = (
				D6EC145F29898539005EE388 /* Debug */,
				D6EC146029898539005EE388 /* Release */,
			);
			defaultConfigurationIsVisible = 0;
			defaultConfigurationName = Release;
		};
		D6EC146129898539005EE388 /* Build configuration list for PBXNativeTarget "AbsenceRecorderUITests" */ = {
			isa = XCConfigurationList;
			buildConfigurations = (
				D6EC146229898539005EE388 /* Debug */,
				D6EC146329898539005EE388 /* Release */,
			);
			defaultConfigurationIsVisible = 0;
			defaultConfigurationName = Release;
		};
/* End XCConfigurationList section */
	};
	rootObject = D6EC142F29898538005EE388 /* Project object */;
}
